// !$*UTF8*$!
{
	archiveVersion = 1;
	classes = {
	};
	objectVersion = 50;
	objects = {

/* Begin PBXBuildFile section */
		0456782E212B95C60055B5AD /* AppDelegate.m in Sources */ = {isa = PBXBuildFile; fileRef = 0456782D212B95C60055B5AD /* AppDelegate.m */; };
		04567831212B95C60055B5AD /* ViewController.m in Sources */ = {isa = PBXBuildFile; fileRef = 04567830212B95C60055B5AD /* ViewController.m */; };
		04567834212B95C60055B5AD /* Main.storyboard in Resources */ = {isa = PBXBuildFile; fileRef = 04567832212B95C60055B5AD /* Main.storyboard */; };
		04567836212B95C80055B5AD /* Assets.xcassets in Resources */ = {isa = PBXBuildFile; fileRef = 04567835212B95C80055B5AD /* Assets.xcassets */; };
		04567839212B95C80055B5AD /* LaunchScreen.storyboard in Resources */ = {isa = PBXBuildFile; fileRef = 04567837212B95C80055B5AD /* LaunchScreen.storyboard */; };
		0456783C212B95C80055B5AD /* main.m in Sources */ = {isa = PBXBuildFile; fileRef = 0456783B212B95C80055B5AD /* main.m */; };
/* End PBXBuildFile section */

/* Begin PBXFileReference section */
		04567829212B95C60055B5AD /* RKAutoHeightTableViewCell.app */ = {isa = PBXFileReference; explicitFileType = wrapper.application; includeInIndex = 0; path = RKAutoHeightTableViewCell.app; sourceTree = BUILT_PRODUCTS_DIR; };
		0456782C212B95C60055B5AD /* AppDelegate.h */ = {isa = PBXFileReference; lastKnownFileType = sourcecode.c.h; path = AppDelegate.h; sourceTree = "<group>"; };
		0456782D212B95C60055B5AD /* AppDelegate.m */ = {isa = PBXFileReference; lastKnownFileType = sourcecode.c.objc; path = AppDelegate.m; sourceTree = "<group>"; };
		0456782F212B95C60055B5AD /* ViewController.h */ = {isa = PBXFileReference; lastKnownFileType = sourcecode.c.h; path = ViewController.h; sourceTree = "<group>"; };
		04567830212B95C60055B5AD /* ViewController.m */ = {isa = PBXFileReference; lastKnownFileType = sourcecode.c.objc; path = ViewController.m; sourceTree = "<group>"; };
		04567833212B95C60055B5AD /* Base */ = {isa = PBXFileReference; lastKnownFileType = file.storyboard; name = Base; path = Base.lproj/Main.storyboard; sourceTree = "<group>"; };
		04567835212B95C80055B5AD /* Assets.xcassets */ = {isa = PBXFileReference; lastKnownFileType = folder.assetcatalog; path = Assets.xcassets; sourceTree = "<group>"; };
		04567838212B95C80055B5AD /* Base */ = {isa = PBXFileReference; lastKnownFileType = file.storyboard; name = Base; path = Base.lproj/LaunchScreen.storyboard; sourceTree = "<group>"; };
		0456783A212B95C80055B5AD /* Info.plist */ = {isa = PBXFileReference; lastKnownFileType = text.plist.xml; path = Info.plist; sourceTree = "<group>"; };
		0456783B212B95C80055B5AD /* main.m */ = {isa = PBXFileReference; lastKnownFileType = sourcecode.c.objc; path = main.m; sourceTree = "<group>"; };
/* End PBXFileReference section */

/* Begin PBXFrameworksBuildPhase section */
		04567826212B95C60055B5AD /* Frameworks */ = {
			isa = PBXFrameworksBuildPhase;
			buildActionMask = 2147483647;
			files = (
			);
			runOnlyForDeploymentPostprocessing = 0;
		};
/* End PBXFrameworksBuildPhase section */

/* Begin PBXGroup section */
		04567820212B95C60055B5AD = {
			isa = PBXGroup;
			children = (
				0456782B212B95C60055B5AD /* RKAutoHeightTableViewCell */,
				0456782A212B95C60055B5AD /* Products */,
			);
			sourceTree = "<group>";
		};
		0456782A212B95C60055B5AD /* Products */ = {
			isa = PBXGroup;
			children = (
				04567829212B95C60055B5AD /* RKAutoHeightTableViewCell.app */,
			);
			name = Products;
			sourceTree = "<group>";
		};
		0456782B212B95C60055B5AD /* RKAutoHeightTableViewCell */ = {
			isa = PBXGroup;
			children = (
				0456782C212B95C60055B5AD /* AppDelegate.h */,
				0456782D212B95C60055B5AD /* AppDelegate.m */,
				0456782F212B95C60055B5AD /* ViewController.h */,
				04567830212B95C60055B5AD /* ViewController.m */,
				04567832212B95C60055B5AD /* Main.storyboard */,
				04567835212B95C80055B5AD /* Assets.xcassets */,
				04567837212B95C80055B5AD /* LaunchScreen.storyboard */,
				0456783A212B95C80055B5AD /* Info.plist */,
				0456783B212B95C80055B5AD /* main.m */,
			);
			path = RKAutoHeightTableViewCell;
			sourceTree = "<group>";
		};
/* End PBXGroup section */

/* Begin PBXNativeTarget section */
		04567828212B95C60055B5AD /* RKAutoHeightTableViewCell */ = {
			isa = PBXNativeTarget;
			buildConfigurationList = 0456783F212B95C80055B5AD /* Build configuration list for PBXNativeTarget "RKAutoHeightTableViewCell" */;
			buildPhases = (
				04567825212B95C60055B5AD /* Sources */,
				04567826212B95C60055B5AD /* Frameworks */,
				04567827212B95C60055B5AD /* Resources */,
			);
			buildRules = (
			);
			dependencies = (
			);
			name = RKAutoHeightTableViewCell;
			productName = RKAutoHeightTableViewCell;
			productReference = 04567829212B95C60055B5AD /* RKAutoHeightTableViewCell.app */;
			productType = "com.apple.product-type.application";
		};
/* End PBXNativeTarget section */

/* Begin PBXProject section */
		04567821212B95C60055B5AD /* Project object */ = {
			isa = PBXProject;
			attributes = {
				LastUpgradeCheck = 0940;
				ORGANIZATIONNAME = Rathakrishnan;
				TargetAttributes = {
					04567828212B95C60055B5AD = {
						CreatedOnToolsVersion = 9.4.1;
					};
				};
			};
			buildConfigurationList = 04567824212B95C60055B5AD /* Build configuration list for PBXProject "RKAutoHeightTableViewCell" */;
			compatibilityVersion = "Xcode 9.3";
			developmentRegion = en;
			hasScannedForEncodings = 0;
			knownRegions = (
				en,
				Base,
			);
			mainGroup = 04567820212B95C60055B5AD;
			productRefGroup = 0456782A212B95C60055B5AD /* Products */;
			projectDirPath = "";
			projectRoot = "";
			targets = (
				04567828212B95C60055B5AD /* RKAutoHeightTableViewCell */,
			);
		};
/* End PBXProject section */

/* Begin PBXResourcesBuildPhase section */
		04567827212B95C60055B5AD /* Resources */ = {
			isa = PBXResourcesBuildPhase;
			buildActionMask = 2147483647;
			files = (
				04567839212B95C80055B5AD /* LaunchScreen.storyboard in Resources */,
				04567836212B95C80055B5AD /* Assets.xcassets in Resources */,
				04567834212B95C60055B5AD /* Main.storyboard in Resources */,
			);
			runOnlyForDeploymentPostprocessing = 0;
		};
/* End PBXResourcesBuildPhase section */

/* Begin PBXSourcesBuildPhase section */
		04567825212B95C60055B5AD /* Sources */ = {
			isa = PBXSourcesBuildPhase;
			buildActionMask = 2147483647;
			files = (
				04567831212B95C60055B5AD /* ViewController.m in Sources */,
				0456783C212B95C80055B5AD /* main.m in Sources */,
				0456782E212B95C60055B5AD /* AppDelegate.m in Sources */,
			);
			runOnlyForDeploymentPostprocessing = 0;
		};
/* End PBXSourcesBuildPhase section */

/* Begin PBXVariantGroup section */
		04567832212B95C60055B5AD /* Main.storyboard */ = {
			isa = PBXVariantGroup;
			children = (
				04567833212B95C60055B5AD /* Base */,
			);
			name = Main.storyboard;
			sourceTree = "<group>";
		};
		04567837212B95C80055B5AD /* LaunchScreen.storyboard */ = {
			isa = PBXVariantGroup;
			children = (
				04567838212B95C80055B5AD /* Base */,
			);
			name = LaunchScreen.storyboard;
			sourceTree = "<group>";
		};
/* End PBXVariantGroup section */

/* Begin XCBuildConfiguration section */
		0456783D212B95C80055B5AD /* Debug */ = {
			isa = XCBuildConfiguration;
			buildSettings = {
				ALWAYS_SEARCH_USER_PATHS = NO;
				CLANG_ANALYZER_NONNULL = YES;
				CLANG_ANALYZER_NUMBER_OBJECT_CONVERSION = YES_AGGRESSIVE;
				CLANG_CXX_LANGUAGE_STANDARD = "gnu++14";
				CLANG_CXX_LIBRARY = "libc++";
				CLANG_ENABLE_MODULES = YES;
				CLANG_ENABLE_OBJC_ARC = YES;
				CLANG_ENABLE_OBJC_WEAK = YES;
				CLANG_WARN_BLOCK_CAPTURE_AUTORELEASING = YES;
				CLANG_WARN_BOOL_CONVERSION = YES;
				CLANG_WARN_COMMA = YES;
				CLANG_WARN_CONSTANT_CONVERSION = YES;
				CLANG_WARN_DEPRECATED_OBJC_IMPLEMENTATIONS = YES;
				CLANG_WARN_DIRECT_OBJC_ISA_USAGE = YES_ERROR;
				CLANG_WARN_DOCUMENTATION_COMMENTS = YES;
				CLANG_WARN_EMPTY_BODY = YES;
				CLANG_WARN_ENUM_CONVERSION = YES;
				CLANG_WARN_INFINITE_RECURSION = YES;
				CLANG_WARN_INT_CONVERSION = YES;
				CLANG_WARN_NON_LITERAL_NULL_CONVERSION = YES;
				CLANG_WARN_OBJC_IMPLICIT_RETAIN_SELF = YES;
				CLANG_WARN_OBJC_LITERAL_CONVERSION = YES;
				CLANG_WARN_OBJC_ROOT_CLASS = YES_ERROR;
				CLANG_WARN_RANGE_LOOP_ANALYSIS = YES;
				CLANG_WARN_STRICT_PROTOTYPES = YES;
				CLANG_WARN_SUSPICIOUS_MOVE = YES;
				CLANG_WARN_UNGUARDED_AVAILABILITY = YES_AGGRESSIVE;
				CLANG_WARN_UNREACHABLE_CODE = YES;
				CLANG_WARN__DUPLICATE_METHOD_MATCH = YES;
				CODE_SIGN_IDENTITY = "iPhone Developer";
				COPY_PHASE_STRIP = NO;
				DEBUG_INFORMATION_FORMAT = dwarf;
				ENABLE_STRICT_OBJC_MSGSEND = YES;
				ENABLE_TESTABILITY = YES;
				GCC_C_LANGUAGE_STANDARD = gnu11;
				GCC_DYNAMIC_NO_PIC = NO;
				GCC_NO_COMMON_BLOCKS = YES;
				GCC_OPTIMIZATION_LEVEL = 0;
				GCC_PREPROCESSOR_DEFINITIONS = (
					"DEBUG=1",
					"$(inherited)",
				);
				GCC_WARN_64_TO_32_BIT_CONVERSION = YES;
				GCC_WARN_ABOUT_RETURN_TYPE = YES_ERROR;
				GCC_WARN_UNDECLARED_SELECTOR = YES;
				GCC_WARN_UNINITIALIZED_AUTOS = YES_AGGRESSIVE;
				GCC_WARN_UNUSED_FUNCTION = YES;
				GCC_WARN_UNUSED_VARIABLE = YES;
				IPHONEOS_DEPLOYMENT_TARGET = 11.4;
				MTL_ENABLE_DEBUG_INFO = YES;
				ONLY_ACTIVE_ARCH = YES;
				SDKROOT = iphoneos;
			};
			name = Debug;
		};
		0456783E212B95C80055B5AD /* Release */ = {
			isa = XCBuildConfiguration;
			buildSettings = {
				ALWAYS_SEARCH_USER_PATHS = NO;
				CLANG_ANALYZER_NONNULL = YES;
				CLANG_ANALYZER_NUMBER_OBJECT_CONVERSION = YES_AGGRESSIVE;
				CLANG_CXX_LANGUAGE_STANDARD = "gnu++14";
				CLANG_CXX_LIBRARY = "libc++";
				CLANG_ENABLE_MODULES = YES;
				CLANG_ENABLE_OBJC_ARC = YES;
				CLANG_ENABLE_OBJC_WEAK = YES;
				CLANG_WARN_BLOCK_CAPTURE_AUTORELEASING = YES;
				CLANG_WARN_BOOL_CONVERSION = YES;
				CLANG_WARN_COMMA = YES;
				CLANG_WARN_CONSTANT_CONVERSION = YES;
				CLANG_WARN_DEPRECATED_OBJC_IMPLEMENTATIONS = YES;
				CLANG_WARN_DIRECT_OBJC_ISA_USAGE = YES_ERROR;
				CLANG_WARN_DOCUMENTATION_COMMENTS = YES;
				CLANG_WARN_EMPTY_BODY = YES;
				CLANG_WARN_ENUM_CONVERSION = YES;
				CLANG_WARN_INFINITE_RECURSION = YES;
				CLANG_WARN_INT_CONVERSION = YES;
				CLANG_WARN_NON_LITERAL_NULL_CONVERSION = YES;
				CLANG_WARN_OBJC_IMPLICIT_RETAIN_SELF = YES;
				CLANG_WARN_OBJC_LITERAL_CONVERSION = YES;
				CLANG_WARN_OBJC_ROOT_CLASS = YES_ERROR;
				CLANG_WARN_RANGE_LOOP_ANALYSIS = YES;
				CLANG_WARN_STRICT_PROTOTYPES = YES;
				CLANG_WARN_SUSPICIOUS_MOVE = YES;
				CLANG_WARN_UNGUARDED_AVAILABILITY = YES_AGGRESSIVE;
				CLANG_WARN_UNREACHABLE_CODE = YES;
				CLANG_WARN__DUPLICATE_METHOD_MATCH = YES;
				CODE_SIGN_IDENTITY = "iPhone Developer";
				COPY_PHASE_STRIP = NO;
				DEBUG_INFORMATION_FORMAT = "dwarf-with-dsym";
				ENABLE_NS_ASSERTIONS = NO;
				ENABLE_STRICT_OBJC_MSGSEND = YES;
				GCC_C_LANGUAGE_STANDARD = gnu11;
				GCC_NO_COMMON_BLOCKS = YES;
				GCC_WARN_64_TO_32_BIT_CONVERSION = YES;
				GCC_WARN_ABOUT_RETURN_TYPE = YES_ERROR;
				GCC_WARN_UNDECLARED_SELECTOR = YES;
				GCC_WARN_UNINITIALIZED_AUTOS = YES_AGGRESSIVE;
				GCC_WARN_UNUSED_FUNCTION = YES;
				GCC_WARN_UNUSED_VARIABLE = YES;
				IPHONEOS_DEPLOYMENT_TARGET = 11.4;
				MTL_ENABLE_DEBUG_INFO = NO;
				SDKROOT = iphoneos;
				VALIDATE_PRODUCT = YES;
			};
			name = Release;
		};
		04567840212B95C80055B5AD /* Debug */ = {
			isa = XCBuildConfiguration;
			buildSettings = {
				ASSETCATALOG_COMPILER_APPICON_NAME = AppIcon;
				CODE_SIGN_STYLE = Automatic;
				INFOPLIST_FILE = RKAutoHeightTableViewCell/Info.plist;
				LD_RUNPATH_SEARCH_PATHS = (
					"$(inherited)",
					"@executable_path/Frameworks",
				);
				PRODUCT_BUNDLE_IDENTIFIER = com.rk.RKAutoHeightTableViewCell;
				PRODUCT_NAME = "$(TARGET_NAME)";
				TARGETED_DEVICE_FAMILY = "1,2";
			};
			name = Debug;
		};
		04567841212B95C80055B5AD /* Release */ = {
			isa = XCBuildConfiguration;
			buildSettings = {
				ASSETCATALOG_COMPILER_APPICON_NAME = AppIcon;
				CODE_SIGN_STYLE = Automatic;
				INFOPLIST_FILE = RKAutoHeightTableViewCell/Info.plist;
				LD_RUNPATH_SEARCH_PATHS = (
					"$(inherited)",
					"@executable_path/Frameworks",
				);
				PRODUCT_BUNDLE_IDENTIFIER = com.rk.RKAutoHeightTableViewCell;
				PRODUCT_NAME = "$(TARGET_NAME)";
				TARGETED_DEVICE_FAMILY = "1,2";
			};
			name = Release;
		};
/* End XCBuildConfiguration section */

/* Begin XCConfigurationList section */
		04567824212B95C60055B5AD /* Build configuration list for PBXProject "RKAutoHeightTableViewCell" */ = {
			isa = XCConfigurationList;
			buildConfigurations = (
				0456783D212B95C80055B5AD /* Debug */,
				0456783E212B95C80055B5AD /* Release */,
			);
			defaultConfigurationIsVisible = 0;
			defaultConfigurationName = Release;
		};
		0456783F212B95C80055B5AD /* Build configuration list for PBXNativeTarget "RKAutoHeightTableViewCell" */ = {
			isa = XCConfigurationList;
			buildConfigurations = (
				04567840212B95C80055B5AD /* Debug */,
				04567841212B95C80055B5AD /* Release */,
			);
			defaultConfigurationIsVisible = 0;
			defaultConfigurationName = Release;
		};
/* End XCConfigurationList section */
	};
	rootObject = 04567821212B95C60055B5AD /* Project object */;
}
